
Microsoft Visual Studio Solution File, Format Version 12.00
# Visual Studio Version 16
VisualStudioVersion = 16.0.29215.179
MinimumVisualStudioVersion = 10.0.40219.1
Project("{888888A0-9F3D-457C-B088-3A5042F75D52}") = "pyRfactor2SharedMemory", "pyRfactor2SharedMemory.pyproj", "{E3F461F0-82B5-4340-B875-4FBDDE85A2F0}"
EndProject
Global
	GlobalSection(SolutionConfigurationPlatforms) = preSolution
		Debug|Any CPU = Debug|Any CPU
		Release|Any CPU = Release|Any CPU
	EndGlobalSection
	GlobalSection(ProjectConfigurationPlatforms) = postSolution
		{E3F461F0-82B5-4340-B875-4FBDDE85A2F0}.Debug|Any CPU.ActiveCfg = Debug|Any CPU
		{E3F461F0-82B5-4340-B875-4FBDDE85A2F0}.Release|Any CPU.ActiveCfg = Release|Any CPU
	EndGlobalSection
	GlobalSection(SolutionProperties) = preSolution
		HideSolutionNode = FALSE
	EndGlobalSection
	GlobalSection(ExtensibilityGlobals) = postSolution
		SolutionGuid = {64C99741-00B3-4BC2-8284-F902A298D281}
	EndGlobalSection
EndGlobal
